
Microsoft Visual Studio Solution File, Format Version 12.00
# Visual Studio Version 16
VisualStudioVersion = 16.0.30104.148
MinimumVisualStudioVersion = 10.0.40219.1
Project("{FAE04EC0-301F-11D3-BF4B-00C04F79EFBC}") = "Lab01.Task1.RectangleForm", "Lab01.Task1.RectangleForm\Lab01.Task1.RectangleForm.csproj", "{5260C4DF-36B5-4891-AB03-11B02B650B8E}"
EndProject
Project("{FAE04EC0-301F-11D3-BF4B-00C04F79EFBC}") = "Lab01.Task2.TriangleForm.Task3.InheritForm", "Lab01.Task2.Task3.TriangleForm\Lab01.Task2.TriangleForm.Task3.InheritForm.csproj", "{AFB93292-25F6-420A-B6AB-72A48638F29E}"
EndProject
Project("{FAE04EC0-301F-11D3-BF4B-00C04F79EFBC}") = "Lab01.Task4.MdiApplication", "Lab01.Task4.MdiApplication\Lab01.Task4.MdiApplication.csproj", "{A54700FA-3B49-46A6-AA0E-8334D933C6E6}"
EndProject
Project("{FAE04EC0-301F-11D3-BF4B-00C04F79EFBC}") = "Lab01.Task5.Part1.CreateUsingFormEllips", "Lab01.Task5.Part1.CreateUsingForm\Lab01.Task5.Part1.CreateUsingFormEllips.csproj", "{AB5B67D1-09FD-47F6-BF5E-243C0C50B2AF}"
EndProject
Project("{FAE04EC0-301F-11D3-BF4B-00C04F79EFBC}") = "Lab01.Task5.Part2.UsingForm", "Lab01.Task5.Part2.UsingForm\Lab01.Task5.Part2.UsingForm.csproj", "{1B4E5ED5-8807-4704-80AE-68181C8C18D1}"
EndProject
Project("{FAE04EC0-301F-11D3-BF4B-00C04F79EFBC}") = "Lab02.Task1.EventsHandler.WinQuestion", "Lab02.Task1.EventsHandler\Lab02.Task1.EventsHandler.WinQuestion.csproj", "{6726EE6F-3262-4947-991F-E4B7A1DD9BC9}"
EndProject
Project("{FAE04EC0-301F-11D3-BF4B-00C04F79EFBC}") = "Lab02.Task2.TestList", "Lab02.Task2.TestList\Lab02.Task2.TestList.csproj", "{56A09382-83E5-42FF-A560-A6D2A55DF3E9}"
EndProject
Project("{FAE04EC0-301F-11D3-BF4B-00C04F79EFBC}") = "Lab02.Task3.ToolStrip", "Lab02.Task3.ToolStrip\Lab02.Task3.ToolStrip.csproj", "{E8D0A680-7D04-40BF-82FB-77FFCBBA1681}"
EndProject
Project("{FAE04EC0-301F-11D3-BF4B-00C04F79EFBC}") = "Lab02.Task4.StatusStrip", "Lab02.Task4.StatusStrip\Lab02.Task4.StatusStrip.csproj", "{6B566CC1-7E3F-4C68-9D88-FFBC26B28647}"
EndProject
Project("{FAE04EC0-301F-11D3-BF4B-00C04F79EFBC}") = "Lab02.Task5.Panel_and_GroupBox.WinContainer", "Lab02.Task5.Panel_and_GroupBox\Lab02.Task5.Panel_and_GroupBox.WinContainer.csproj", "{F068DC5B-5981-4774-8CB1-45C6EB06D2D3}"
EndProject
Project("{FAE04EC0-301F-11D3-BF4B-00C04F79EFBC}") = "Lab02.Task6.BiblWorm", "Lab02.Task6.BiblWorm\Lab02.Task6.BiblWorm.csproj", "{B0BC8392-8066-4657-937F-93D037D524CF}"
EndProject
Project("{FAE04EC0-301F-11D3-BF4B-00C04F79EFBC}") = "Lab02.Task7.RegistrationForm", "Lab02.Task7.RegistrationForm\Lab02.Task7.RegistrationForm.csproj", "{A6070836-7664-4364-AB32-7DCB81F921E3}"
EndProject
Project("{FAE04EC0-301F-11D3-BF4B-00C04F79EFBC}") = "Lab02.Task8.Check", "Lab02.Task8.Check\Lab02.Task8.Check.csproj", "{07404DB5-B387-4BD7-9775-C7837D153EDD}"
EndProject
Project("{FAE04EC0-301F-11D3-BF4B-00C04F79EFBC}") = "Lab03.Task1.WinTimer1", "Lab03.Task1.WinTimer1\Lab03.Task1.WinTimer1.csproj", "{A481EB89-4A86-44A6-9141-5B689DA3E3A7}"
EndProject
Project("{FAE04EC0-301F-11D3-BF4B-00C04F79EFBC}") = "Lab03.Task1.WithRefererenceToLibrary", "Lab03.Task1.WithRefererenceToLibrary\Lab03.Task1.WithRefererenceToLibrary.csproj", "{10F6F132-4EB4-443E-8A3F-30302BACDA19}"
EndProject
Project("{FAE04EC0-301F-11D3-BF4B-00C04F79EFBC}") = "Lab03.Task1.Library", "Lab03.Task1.Library\Lab03.Task1.Library.csproj", "{32608CCC-D64A-40A2-B869-C46D52235504}"
EndProject
Project("{FAE04EC0-301F-11D3-BF4B-00C04F79EFBC}") = "Lab03.Task2.WinTimer2", "Lab03.Task2.WinTimer2\Lab03.Task2.WinTimer2.csproj", "{0680EA2F-073A-46B6-8915-3713E40BD7A5}"
EndProject
Project("{FAE04EC0-301F-11D3-BF4B-00C04F79EFBC}") = "Lab03.Task3.WinButNum", "Lab03.Task3.WinButNum\Lab03.Task3.WinButNum.csproj", "{9DFB019C-953E-4D45-BA0B-76ECCBDE1783}"
EndProject
Project("{FAE04EC0-301F-11D3-BF4B-00C04F79EFBC}") = "Lab04.Task1.Parts1.2.3.4.TestStandartDialog", "Lab04.Task1.Parts1.2.3.4.TestStandartDialog\Lab04.Task1.Parts1.2.3.4.TestStandartDialog.csproj", "{9B1A77F8-D7B2-4666-ABDA-4DB4187690ED}"
EndProject
Project("{FAE04EC0-301F-11D3-BF4B-00C04F79EFBC}") = "Lab04.Task2.EditPerson", "Lab04.Task2.EditPerson\Lab04.Task2.EditPerson.csproj", "{3B0E1791-A356-4F58-AF43-B913405C200E}"
EndProject
Project("{FAE04EC0-301F-11D3-BF4B-00C04F79EFBC}") = "Lab07.Task1.WinBackgroundWorker", "Lab07.Task1.WinBackgroundWorker\Lab07.Task1.WinBackgroundWorker.csproj", "{E6C2C11B-EF21-42B8-87E7-5A938644ED15}"
EndProject
Project("{FAE04EC0-301F-11D3-BF4B-00C04F79EFBC}") = "Lab07.Task2.WinAsynchDelegate", "Lab07.Task2.WinAsynchDelegate\Lab07.Task2.WinAsynchDelegate.csproj", "{0E858CED-C048-4196-B6CC-4DBEADEAC72C}"
EndProject
Global
	GlobalSection(SolutionConfigurationPlatforms) = preSolution
		Debug|Any CPU = Debug|Any CPU
		Release|Any CPU = Release|Any CPU
	EndGlobalSection
	GlobalSection(ProjectConfigurationPlatforms) = postSolution
		{5260C4DF-36B5-4891-AB03-11B02B650B8E}.Debug|Any CPU.ActiveCfg = Debug|Any CPU
		{5260C4DF-36B5-4891-AB03-11B02B650B8E}.Debug|Any CPU.Build.0 = Debug|Any CPU
		{5260C4DF-36B5-4891-AB03-11B02B650B8E}.Release|Any CPU.ActiveCfg = Release|Any CPU
		{5260C4DF-36B5-4891-AB03-11B02B650B8E}.Release|Any CPU.Build.0 = Release|Any CPU
		{AFB93292-25F6-420A-B6AB-72A48638F29E}.Debug|Any CPU.ActiveCfg = Debug|Any CPU
		{AFB93292-25F6-420A-B6AB-72A48638F29E}.Debug|Any CPU.Build.0 = Debug|Any CPU
		{AFB93292-25F6-420A-B6AB-72A48638F29E}.Release|Any CPU.ActiveCfg = Release|Any CPU
		{AFB93292-25F6-420A-B6AB-72A48638F29E}.Release|Any CPU.Build.0 = Release|Any CPU
		{A54700FA-3B49-46A6-AA0E-8334D933C6E6}.Debug|Any CPU.ActiveCfg = Debug|Any CPU
		{A54700FA-3B49-46A6-AA0E-8334D933C6E6}.Debug|Any CPU.Build.0 = Debug|Any CPU
		{A54700FA-3B49-46A6-AA0E-8334D933C6E6}.Release|Any CPU.ActiveCfg = Release|Any CPU
		{A54700FA-3B49-46A6-AA0E-8334D933C6E6}.Release|Any CPU.Build.0 = Release|Any CPU
		{AB5B67D1-09FD-47F6-BF5E-243C0C50B2AF}.Debug|Any CPU.ActiveCfg = Debug|Any CPU
		{AB5B67D1-09FD-47F6-BF5E-243C0C50B2AF}.Debug|Any CPU.Build.0 = Debug|Any CPU
		{AB5B67D1-09FD-47F6-BF5E-243C0C50B2AF}.Release|Any CPU.ActiveCfg = Release|Any CPU
		{AB5B67D1-09FD-47F6-BF5E-243C0C50B2AF}.Release|Any CPU.Build.0 = Release|Any CPU
		{1B4E5ED5-8807-4704-80AE-68181C8C18D1}.Debug|Any CPU.ActiveCfg = Debug|Any CPU
		{1B4E5ED5-8807-4704-80AE-68181C8C18D1}.Debug|Any CPU.Build.0 = Debug|Any CPU
		{1B4E5ED5-8807-4704-80AE-68181C8C18D1}.Release|Any CPU.ActiveCfg = Release|Any CPU
		{1B4E5ED5-8807-4704-80AE-68181C8C18D1}.Release|Any CPU.Build.0 = Release|Any CPU
		{6726EE6F-3262-4947-991F-E4B7A1DD9BC9}.Debug|Any CPU.ActiveCfg = Debug|Any CPU
		{6726EE6F-3262-4947-991F-E4B7A1DD9BC9}.Debug|Any CPU.Build.0 = Debug|Any CPU
		{6726EE6F-3262-4947-991F-E4B7A1DD9BC9}.Release|Any CPU.ActiveCfg = Release|Any CPU
		{6726EE6F-3262-4947-991F-E4B7A1DD9BC9}.Release|Any CPU.Build.0 = Release|Any CPU
		{56A09382-83E5-42FF-A560-A6D2A55DF3E9}.Debug|Any CPU.ActiveCfg = Debug|Any CPU
		{56A09382-83E5-42FF-A560-A6D2A55DF3E9}.Debug|Any CPU.Build.0 = Debug|Any CPU
		{56A09382-83E5-42FF-A560-A6D2A55DF3E9}.Release|Any CPU.ActiveCfg = Release|Any CPU
		{56A09382-83E5-42FF-A560-A6D2A55DF3E9}.Release|Any CPU.Build.0 = Release|Any CPU
		{E8D0A680-7D04-40BF-82FB-77FFCBBA1681}.Debug|Any CPU.ActiveCfg = Debug|Any CPU
		{E8D0A680-7D04-40BF-82FB-77FFCBBA1681}.Debug|Any CPU.Build.0 = Debug|Any CPU
		{E8D0A680-7D04-40BF-82FB-77FFCBBA1681}.Release|Any CPU.ActiveCfg = Release|Any CPU
		{E8D0A680-7D04-40BF-82FB-77FFCBBA1681}.Release|Any CPU.Build.0 = Release|Any CPU
		{6B566CC1-7E3F-4C68-9D88-FFBC26B28647}.Debug|Any CPU.ActiveCfg = Debug|Any CPU
		{6B566CC1-7E3F-4C68-9D88-FFBC26B28647}.Debug|Any CPU.Build.0 = Debug|Any CPU
		{6B566CC1-7E3F-4C68-9D88-FFBC26B28647}.Release|Any CPU.ActiveCfg = Release|Any CPU
		{6B566CC1-7E3F-4C68-9D88-FFBC26B28647}.Release|Any CPU.Build.0 = Release|Any CPU
		{F068DC5B-5981-4774-8CB1-45C6EB06D2D3}.Debug|Any CPU.ActiveCfg = Debug|Any CPU
		{F068DC5B-5981-4774-8CB1-45C6EB06D2D3}.Debug|Any CPU.Build.0 = Debug|Any CPU
		{F068DC5B-5981-4774-8CB1-45C6EB06D2D3}.Release|Any CPU.ActiveCfg = Release|Any CPU
		{F068DC5B-5981-4774-8CB1-45C6EB06D2D3}.Release|Any CPU.Build.0 = Release|Any CPU
		{B0BC8392-8066-4657-937F-93D037D524CF}.Debug|Any CPU.ActiveCfg = Debug|Any CPU
		{B0BC8392-8066-4657-937F-93D037D524CF}.Debug|Any CPU.Build.0 = Debug|Any CPU
		{B0BC8392-8066-4657-937F-93D037D524CF}.Release|Any CPU.ActiveCfg = Release|Any CPU
		{B0BC8392-8066-4657-937F-93D037D524CF}.Release|Any CPU.Build.0 = Release|Any CPU
		{A6070836-7664-4364-AB32-7DCB81F921E3}.Debug|Any CPU.ActiveCfg = Debug|Any CPU
		{A6070836-7664-4364-AB32-7DCB81F921E3}.Debug|Any CPU.Build.0 = Debug|Any CPU
		{A6070836-7664-4364-AB32-7DCB81F921E3}.Release|Any CPU.ActiveCfg = Release|Any CPU
		{A6070836-7664-4364-AB32-7DCB81F921E3}.Release|Any CPU.Build.0 = Release|Any CPU
		{07404DB5-B387-4BD7-9775-C7837D153EDD}.Debug|Any CPU.ActiveCfg = Debug|Any CPU
		{07404DB5-B387-4BD7-9775-C7837D153EDD}.Debug|Any CPU.Build.0 = Debug|Any CPU
		{07404DB5-B387-4BD7-9775-C7837D153EDD}.Release|Any CPU.ActiveCfg = Release|Any CPU
		{07404DB5-B387-4BD7-9775-C7837D153EDD}.Release|Any CPU.Build.0 = Release|Any CPU
		{A481EB89-4A86-44A6-9141-5B689DA3E3A7}.Debug|Any CPU.ActiveCfg = Debug|Any CPU
		{A481EB89-4A86-44A6-9141-5B689DA3E3A7}.Debug|Any CPU.Build.0 = Debug|Any CPU
		{A481EB89-4A86-44A6-9141-5B689DA3E3A7}.Release|Any CPU.ActiveCfg = Release|Any CPU
		{A481EB89-4A86-44A6-9141-5B689DA3E3A7}.Release|Any CPU.Build.0 = Release|Any CPU
		{10F6F132-4EB4-443E-8A3F-30302BACDA19}.Debug|Any CPU.ActiveCfg = Debug|Any CPU
		{10F6F132-4EB4-443E-8A3F-30302BACDA19}.Debug|Any CPU.Build.0 = Debug|Any CPU
		{10F6F132-4EB4-443E-8A3F-30302BACDA19}.Release|Any CPU.ActiveCfg = Release|Any CPU
		{10F6F132-4EB4-443E-8A3F-30302BACDA19}.Release|Any CPU.Build.0 = Release|Any CPU
		{32608CCC-D64A-40A2-B869-C46D52235504}.Debug|Any CPU.ActiveCfg = Debug|Any CPU
		{32608CCC-D64A-40A2-B869-C46D52235504}.Debug|Any CPU.Build.0 = Debug|Any CPU
		{32608CCC-D64A-40A2-B869-C46D52235504}.Release|Any CPU.ActiveCfg = Release|Any CPU
		{32608CCC-D64A-40A2-B869-C46D52235504}.Release|Any CPU.Build.0 = Release|Any CPU
		{0680EA2F-073A-46B6-8915-3713E40BD7A5}.Debug|Any CPU.ActiveCfg = Debug|Any CPU
		{0680EA2F-073A-46B6-8915-3713E40BD7A5}.Debug|Any CPU.Build.0 = Debug|Any CPU
		{0680EA2F-073A-46B6-8915-3713E40BD7A5}.Release|Any CPU.ActiveCfg = Release|Any CPU
		{0680EA2F-073A-46B6-8915-3713E40BD7A5}.Release|Any CPU.Build.0 = Release|Any CPU
		{9DFB019C-953E-4D45-BA0B-76ECCBDE1783}.Debug|Any CPU.ActiveCfg = Debug|Any CPU
		{9DFB019C-953E-4D45-BA0B-76ECCBDE1783}.Debug|Any CPU.Build.0 = Debug|Any CPU
		{9DFB019C-953E-4D45-BA0B-76ECCBDE1783}.Release|Any CPU.ActiveCfg = Release|Any CPU
		{9DFB019C-953E-4D45-BA0B-76ECCBDE1783}.Release|Any CPU.Build.0 = Release|Any CPU
		{9B1A77F8-D7B2-4666-ABDA-4DB4187690ED}.Debug|Any CPU.ActiveCfg = Debug|Any CPU
		{9B1A77F8-D7B2-4666-ABDA-4DB4187690ED}.Debug|Any CPU.Build.0 = Debug|Any CPU
		{9B1A77F8-D7B2-4666-ABDA-4DB4187690ED}.Release|Any CPU.ActiveCfg = Release|Any CPU
		{9B1A77F8-D7B2-4666-ABDA-4DB4187690ED}.Release|Any CPU.Build.0 = Release|Any CPU
		{3B0E1791-A356-4F58-AF43-B913405C200E}.Debug|Any CPU.ActiveCfg = Debug|Any CPU
		{3B0E1791-A356-4F58-AF43-B913405C200E}.Debug|Any CPU.Build.0 = Debug|Any CPU
		{3B0E1791-A356-4F58-AF43-B913405C200E}.Release|Any CPU.ActiveCfg = Release|Any CPU
		{3B0E1791-A356-4F58-AF43-B913405C200E}.Release|Any CPU.Build.0 = Release|Any CPU
		{E6C2C11B-EF21-42B8-87E7-5A938644ED15}.Debug|Any CPU.ActiveCfg = Debug|Any CPU
		{E6C2C11B-EF21-42B8-87E7-5A938644ED15}.Debug|Any CPU.Build.0 = Debug|Any CPU
		{E6C2C11B-EF21-42B8-87E7-5A938644ED15}.Release|Any CPU.ActiveCfg = Release|Any CPU
		{E6C2C11B-EF21-42B8-87E7-5A938644ED15}.Release|Any CPU.Build.0 = Release|Any CPU
		{0E858CED-C048-4196-B6CC-4DBEADEAC72C}.Debug|Any CPU.ActiveCfg = Debug|Any CPU
		{0E858CED-C048-4196-B6CC-4DBEADEAC72C}.Debug|Any CPU.Build.0 = Debug|Any CPU
		{0E858CED-C048-4196-B6CC-4DBEADEAC72C}.Release|Any CPU.ActiveCfg = Release|Any CPU
		{0E858CED-C048-4196-B6CC-4DBEADEAC72C}.Release|Any CPU.Build.0 = Release|Any CPU
	EndGlobalSection
	GlobalSection(SolutionProperties) = preSolution
		HideSolutionNode = FALSE
	EndGlobalSection
	GlobalSection(ExtensibilityGlobals) = postSolution
		SolutionGuid = {D6D84D8B-30BE-479B-9BCF-C5212070CB96}
	EndGlobalSection
EndGlobal
